// !$*UTF8*$!
{
	archiveVersion = 1;
	classes = {
	};
	objectVersion = 77;
	objects = {

/* Begin PBXBuildFile section */
		49BCAE432F37E4F000915F8A /* ConnectIQ.xcframework in Frameworks */ = {isa = PBXBuildFile; fileRef = 49BCAE422F37E4F000915F8A /* ConnectIQ.xcframework */; };
		49BCAE442F37E4F000915F8A /* ConnectIQ.xcframework in Embed Frameworks */ = {isa = PBXBuildFile; fileRef = 49BCAE422F37E4F000915F8A /* ConnectIQ.xcframework */; settings = {ATTRIBUTES = (CodeSignOnCopy, RemoveHeadersOnCopy, ); }; };
/* End PBXBuildFile section */

/* Begin PBXContainerItemProxy section */
		49C63E342F1C39EC00018F40 /* PBXContainerItemProxy */ = {
			isa = PBXContainerItemProxy;
			containerPortal = 49C63E1E2F1C39EB00018F40 /* Project object */;
			proxyType = 1;
			remoteGlobalIDString = 49C63E252F1C39EB00018F40;
			remoteInfo = EdgeAlertReceiver;
		};
		49C63E3E2F1C39EC00018F40 /* PBXContainerItemProxy */ = {
			isa = PBXContainerItemProxy;
			containerPortal = 49C63E1E2F1C39EB00018F40 /* Project object */;
			proxyType = 1;
			remoteGlobalIDString = 49C63E252F1C39EB00018F40;
			remoteInfo = EdgeAlertReceiver;
		};
/* End PBXContainerItemProxy section */

/* Begin PBXCopyFilesBuildPhase section */
		49BCAE452F37E4F000915F8A /* Embed Frameworks */ = {
			isa = PBXCopyFilesBuildPhase;
			buildActionMask = 2147483647;
			dstPath = "";
			dstSubfolderSpec = 10;
			files = (
				49BCAE442F37E4F000915F8A /* ConnectIQ.xcframework in Embed Frameworks */,
			);
			name = "Embed Frameworks";
			runOnlyForDeploymentPostprocessing = 0;
		};
/* End PBXCopyFilesBuildPhase section */

/* Begin PBXFileReference section */
		49BCAE422F37E4F000915F8A /* ConnectIQ.xcframework */ = {isa = PBXFileReference; lastKnownFileType = wrapper.xcframework; path = ConnectIQ.xcframework; sourceTree = "<group>"; };
		49C63E262F1C39EB00018F40 /* EdgeAlertReceiver.app */ = {isa = PBXFileReference; explicitFileType = wrapper.application; includeInIndex = 0; path = EdgeAlertReceiver.app; sourceTree = BUILT_PRODUCTS_DIR; };
		49C63E332F1C39EC00018F40 /* EdgeAlertReceiverTests.xctest */ = {isa = PBXFileReference; explicitFileType = wrapper.cfbundle; includeInIndex = 0; path = EdgeAlertReceiverTests.xctest; sourceTree = BUILT_PRODUCTS_DIR; };
		49C63E3D2F1C39EC00018F40 /* EdgeAlertReceiverUITests.xctest */ = {isa = PBXFileReference; explicitFileType = wrapper.cfbundle; includeInIndex = 0; path = EdgeAlertReceiverUITests.xctest; sourceTree = BUILT_PRODUCTS_DIR; };
/* End PBXFileReference section */

/* Begin PBXFileSystemSynchronizedBuildFileExceptionSet section */
		49C63E572F1C427D00018F40 /* Exceptions for "EdgeAlertReceiver" folder in "EdgeAlertReceiver" target */ = {
			isa = PBXFileSystemSynchronizedBuildFileExceptionSet;
			membershipExceptions = (
				Info.plist,
			);
			target = 49C63E252F1C39EB00018F40 /* EdgeAlertReceiver */;
		};
/* End PBXFileSystemSynchronizedBuildFileExceptionSet section */

/* Begin PBXFileSystemSynchronizedRootGroup section */
		49C63E282F1C39EB00018F40 /* EdgeAlertReceiver */ = {
			isa = PBXFileSystemSynchronizedRootGroup;
			exceptions = (
				49C63E572F1C427D00018F40 /* Exceptions for "EdgeAlertReceiver" folder in "EdgeAlertReceiver" target */,
			);
			path = EdgeAlertReceiver;
			sourceTree = "<group>";
		};
		49C63E362F1C39EC00018F40 /* EdgeAlertReceiverTests */ = {
			isa = PBXFileSystemSynchronizedRootGroup;
			path = EdgeAlertReceiverTests;
			sourceTree = "<group>";
		};
		49C63E402F1C39EC00018F40 /* EdgeAlertReceiverUITests */ = {
			isa = PBXFileSystemSynchronizedRootGroup;
			path = EdgeAlertReceiverUITests;
			sourceTree = "<group>";
		};
/* End PBXFileSystemSynchronizedRootGroup section */

/* Begin PBXFrameworksBuildPhase section */
		49C63E232F1C39EB00018F40 /* Frameworks */ = {
			isa = PBXFrameworksBuildPhase;
			buildActionMask = 2147483647;
			files = (
				49BCAE432F37E4F000915F8A /* ConnectIQ.xcframework in Frameworks */,
			);
			runOnlyForDeploymentPostprocessing = 0;
		};
		49C63E302F1C39EC00018F40 /* Frameworks */ = {
			isa = PBXFrameworksBuildPhase;
			buildActionMask = 2147483647;
			files = (
			);
			runOnlyForDeploymentPostprocessing = 0;
		};
		49C63E3A2F1C39EC00018F40 /* Frameworks */ = {
			isa = PBXFrameworksBuildPhase;
			buildActionMask = 2147483647;
			files = (
			);
			runOnlyForDeploymentPostprocessing = 0;
		};
/* End PBXFrameworksBuildPhase section */

/* Begin PBXGroup section */
		49C63E1D2F1C39EB00018F40 = {
			isa = PBXGroup;
			children = (
				49C63E282F1C39EB00018F40 /* EdgeAlertReceiver */,
				49C63E362F1C39EC00018F40 /* EdgeAlertReceiverTests */,
				49C63E402F1C39EC00018F40 /* EdgeAlertReceiverUITests */,
				49C63E512F1C3A1A00018F40 /* Frameworks */,
				49C63E272F1C39EB00018F40 /* Products */,
			);
			sourceTree = "<group>";
		};
		49C63E272F1C39EB00018F40 /* Products */ = {
			isa = PBXGroup;
			children = (
				49C63E262F1C39EB00018F40 /* EdgeAlertReceiver.app */,
				49C63E332F1C39EC00018F40 /* EdgeAlertReceiverTests.xctest */,
				49C63E3D2F1C39EC00018F40 /* EdgeAlertReceiverUITests.xctest */,
			);
			name = Products;
			sourceTree = "<group>";
		};
		49C63E512F1C3A1A00018F40 /* Frameworks */ = {
			isa = PBXGroup;
			children = (
				49BCAE422F37E4F000915F8A /* ConnectIQ.xcframework */,
			);
			name = Frameworks;
			sourceTree = "<group>";
		};
/* End PBXGroup section */

/* Begin PBXNativeTarget section */
		49C63E252F1C39EB00018F40 /* EdgeAlertReceiver */ = {
			isa = PBXNativeTarget;
			buildConfigurationList = 49C63E472F1C39EC00018F40 /* Build configuration list for PBXNativeTarget "EdgeAlertReceiver" */;
			buildPhases = (
				49C63E222F1C39EB00018F40 /* Sources */,
				49C63E232F1C39EB00018F40 /* Frameworks */,
				49C63E242F1C39EB00018F40 /* Resources */,
				49BCAE452F37E4F000915F8A /* Embed Frameworks */,
			);
			buildRules = (
			);
			dependencies = (
			);
			fileSystemSynchronizedGroups = (
				49C63E282F1C39EB00018F40 /* EdgeAlertReceiver */,
			);
			name = EdgeAlertReceiver;
			packageProductDependencies = (
			);
			productName = EdgeAlertReceiver;
			productReference = 49C63E262F1C39EB00018F40 /* EdgeAlertReceiver.app */;
			productType = "com.apple.product-type.application";
		};
		49C63E322F1C39EC00018F40 /* EdgeAlertReceiverTests */ = {
			isa = PBXNativeTarget;
			buildConfigurationList = 49C63E4A2F1C39EC00018F40 /* Build configuration list for PBXNativeTarget "EdgeAlertReceiverTests" */;
			buildPhases = (
				49C63E2F2F1C39EC00018F40 /* Sources */,
				49C63E302F1C39EC00018F40 /* Frameworks */,
				49C63E312F1C39EC00018F40 /* Resources */,
			);
			buildRules = (
			);
			dependencies = (
				49C63E352F1C39EC00018F40 /* PBXTargetDependency */,
			);
			fileSystemSynchronizedGroups = (
				49C63E362F1C39EC00018F40 /* EdgeAlertReceiverTests */,
			);
			name = EdgeAlertReceiverTests;
			packageProductDependencies = (
			);
			productName = EdgeAlertReceiverTests;
			productReference = 49C63E332F1C39EC00018F40 /* EdgeAlertReceiverTests.xctest */;
			productType = "com.apple.product-type.bundle.unit-test";
		};
		49C63E3C2F1C39EC00018F40 /* EdgeAlertReceiverUITests */ = {
			isa = PBXNativeTarget;
			buildConfigurationList = 49C63E4D2F1C39EC00018F40 /* Build configuration list for PBXNativeTarget "EdgeAlertReceiverUITests" */;
			buildPhases = (
				49C63E392F1C39EC00018F40 /* Sources */,
				49C63E3A2F1C39EC00018F40 /* Frameworks */,
				49C63E3B2F1C39EC00018F40 /* Resources */,
			);
			buildRules = (
			);
			dependencies = (
				49C63E3F2F1C39EC00018F40 /* PBXTargetDependency */,
			);
			fileSystemSynchronizedGroups = (
				49C63E402F1C39EC00018F40 /* EdgeAlertReceiverUITests */,
			);
			name = EdgeAlertReceiverUITests;
			packageProductDependencies = (
			);
			productName = EdgeAlertReceiverUITests;
			productReference = 49C63E3D2F1C39EC00018F40 /* EdgeAlertReceiverUITests.xctest */;
			productType = "com.apple.product-type.bundle.ui-testing";
		};
/* End PBXNativeTarget section */

/* Begin PBXProject section */
		49C63E1E2F1C39EB00018F40 /* Project object */ = {
			isa = PBXProject;
			attributes = {
				BuildIndependentTargetsInParallel = 1;
				LastSwiftUpdateCheck = 2610;
				LastUpgradeCheck = 2610;
				TargetAttributes = {
					49C63E252F1C39EB00018F40 = {
						CreatedOnToolsVersion = 26.1.1;
					};
					49C63E322F1C39EC00018F40 = {
						CreatedOnToolsVersion = 26.1.1;
						TestTargetID = 49C63E252F1C39EB00018F40;
					};
					49C63E3C2F1C39EC00018F40 = {
						CreatedOnToolsVersion = 26.1.1;
						TestTargetID = 49C63E252F1C39EB00018F40;
					};
				};
			};
			buildConfigurationList = 49C63E212F1C39EB00018F40 /* Build configuration list for PBXProject "EdgeAlertReceiver" */;
			developmentRegion = en;
			hasScannedForEncodings = 0;
			knownRegions = (
				en,
				Base,
			);
			mainGroup = 49C63E1D2F1C39EB00018F40;
			minimizedProjectReferenceProxies = 1;
			packageReferences = (
			);
			preferredProjectObjectVersion = 77;
			productRefGroup = 49C63E272F1C39EB00018F40 /* Products */;
			projectDirPath = "";
			projectRoot = "";
			targets = (
				49C63E252F1C39EB00018F40 /* EdgeAlertReceiver */,
				49C63E322F1C39EC00018F40 /* EdgeAlertReceiverTests */,
				49C63E3C2F1C39EC00018F40 /* EdgeAlertReceiverUITests */,
			);
		};
/* End PBXProject section */

/* Begin PBXResourcesBuildPhase section */
		49C63E242F1C39EB00018F40 /* Resources */ = {
			isa = PBXResourcesBuildPhase;
			buildActionMask = 2147483647;
			files = (
			);
			runOnlyForDeploymentPostprocessing = 0;
		};
		49C63E312F1C39EC00018F40 /* Resources */ = {
			isa = PBXResourcesBuildPhase;
			buildActionMask = 2147483647;
			files = (
			);
			runOnlyForDeploymentPostprocessing = 0;
		};
		49C63E3B2F1C39EC00018F40 /* Resources */ = {
			isa = PBXResourcesBuildPhase;
			buildActionMask = 2147483647;
			files = (
			);
			runOnlyForDeploymentPostprocessing = 0;
		};
/* End PBXResourcesBuildPhase section */

/* Begin PBXSourcesBuildPhase section */
		49C63E222F1C39EB00018F40 /* Sources */ = {
			isa = PBXSourcesBuildPhase;
			buildActionMask = 2147483647;
			files = (
			);
			runOnlyForDeploymentPostprocessing = 0;
		};
		49C63E2F2F1C39EC00018F40 /* Sources */ = {
			isa = PBXSourcesBuildPhase;
			buildActionMask = 2147483647;
			files = (
			);
			runOnlyForDeploymentPostprocessing = 0;
		};
		49C63E392F1C39EC00018F40 /* Sources */ = {
			isa = PBXSourcesBuildPhase;
			buildActionMask = 2147483647;
			files = (
			);
			runOnlyForDeploymentPostprocessing = 0;
		};
/* End PBXSourcesBuildPhase section */

/* Begin PBXTargetDependency section */
		49C63E352F1C39EC00018F40 /* PBXTargetDependency */ = {
			isa = PBXTargetDependency;
			target = 49C63E252F1C39EB00018F40 /* EdgeAlertReceiver */;
			targetProxy = 49C63E342F1C39EC00018F40 /* PBXContainerItemProxy */;
		};
		49C63E3F2F1C39EC00018F40 /* PBXTargetDependency */ = {
			isa = PBXTargetDependency;
			target = 49C63E252F1C39EB00018F40 /* EdgeAlertReceiver */;
			targetProxy = 49C63E3E2F1C39EC00018F40 /* PBXContainerItemProxy */;
		};
/* End PBXTargetDependency section */

/* Begin XCBuildConfiguration section */
		49C63E452F1C39EC00018F40 /* Debug */ = {
			isa = XCBuildConfiguration;
			buildSettings = {
				ALWAYS_SEARCH_USER_PATHS = NO;
				ASSETCATALOG_COMPILER_GENERATE_SWIFT_ASSET_SYMBOL_EXTENSIONS = YES;
				CLANG_ANALYZER_NONNULL = YES;
				CLANG_ANALYZER_NUMBER_OBJECT_CONVERSION = YES_AGGRESSIVE;
				CLANG_CXX_LANGUAGE_STANDARD = "gnu++20";
				CLANG_ENABLE_MODULES = YES;
				CLANG_ENABLE_OBJC_ARC = YES;
				CLANG_ENABLE_OBJC_WEAK = YES;
				CLANG_WARN_BLOCK_CAPTURE_AUTORELEASING = YES;
				CLANG_WARN_BOOL_CONVERSION = YES;
				CLANG_WARN_COMMA = YES;
				CLANG_WARN_CONSTANT_CONVERSION = YES;
				CLANG_WARN_DEPRECATED_OBJC_IMPLEMENTATIONS = YES;
				CLANG_WARN_DIRECT_OBJC_ISA_USAGE = YES_ERROR;
				CLANG_WARN_DOCUMENTATION_COMMENTS = YES;
				CLANG_WARN_EMPTY_BODY = YES;
				CLANG_WARN_ENUM_CONVERSION = YES;
				CLANG_WARN_INFINITE_RECURSION = YES;
				CLANG_WARN_INT_CONVERSION = YES;
				CLANG_WARN_NON_LITERAL_NULL_CONVERSION = YES;
				CLANG_WARN_OBJC_IMPLICIT_RETAIN_SELF = YES;
				CLANG_WARN_OBJC_LITERAL_CONVERSION = YES;
				CLANG_WARN_OBJC_ROOT_CLASS = YES_ERROR;
				CLANG_WARN_QUOTED_INCLUDE_IN_FRAMEWORK_HEADER = YES;
				CLANG_WARN_RANGE_LOOP_ANALYSIS = YES;
				CLANG_WARN_STRICT_PROTOTYPES = YES;
				CLANG_WARN_SUSPICIOUS_MOVE = YES;
				CLANG_WARN_UNGUARDED_AVAILABILITY = YES_AGGRESSIVE;
				CLANG_WARN_UNREACHABLE_CODE = YES;
				CLANG_WARN__DUPLICATE_METHOD_MATCH = YES;
				COPY_PHASE_STRIP = NO;
				DEBUG_INFORMATION_FORMAT = dwarf;
				DEVELOPMENT_TEAM = GJV9T7SMZ2;
				ENABLE_STRICT_OBJC_MSGSEND = YES;
				ENABLE_TESTABILITY = YES;
				ENABLE_USER_SCRIPT_SANDBOXING = YES;
				GCC_C_LANGUAGE_STANDARD = gnu17;
				GCC_DYNAMIC_NO_PIC = NO;
				GCC_NO_COMMON_BLOCKS = YES;
				GCC_OPTIMIZATION_LEVEL = 0;
				GCC_PREPROCESSOR_DEFINITIONS = (
					"DEBUG=1",
					"$(inherited)",
				);
				GCC_WARN_64_TO_32_BIT_CONVERSION = YES;
				GCC_WARN_ABOUT_RETURN_TYPE = YES_ERROR;
				GCC_WARN_UNDECLARED_SELECTOR = YES;
				GCC_WARN_UNINITIALIZED_AUTOS = YES_AGGRESSIVE;
				GCC_WARN_UNUSED_FUNCTION = YES;
				GCC_WARN_UNUSED_VARIABLE = YES;
				IPHONEOS_DEPLOYMENT_TARGET = 26.1;
				LOCALIZATION_PREFERS_STRING_CATALOGS = YES;
				MTL_ENABLE_DEBUG_INFO = INCLUDE_SOURCE;
				MTL_FAST_MATH = YES;
				ONLY_ACTIVE_ARCH = YES;
				SDKROOT = iphoneos;
				SWIFT_ACTIVE_COMPILATION_CONDITIONS = "DEBUG $(inherited)";
				SWIFT_OPTIMIZATION_LEVEL = "-Onone";
			};
			name = Debug;
		};
		49C63E462F1C39EC00018F40 /* Release */ = {
			isa = XCBuildConfiguration;
			buildSettings = {
				ALWAYS_SEARCH_USER_PATHS = NO;
				ASSETCATALOG_COMPILER_GENERATE_SWIFT_ASSET_SYMBOL_EXTENSIONS = YES;
				CLANG_ANALYZER_NONNULL = YES;
				CLANG_ANALYZER_NUMBER_OBJECT_CONVERSION = YES_AGGRESSIVE;
				CLANG_CXX_LANGUAGE_STANDARD = "gnu++20";
				CLANG_ENABLE_MODULES = YES;
				CLANG_ENABLE_OBJC_ARC = YES;
				CLANG_ENABLE_OBJC_WEAK = YES;
				CLANG_WARN_BLOCK_CAPTURE_AUTORELEASING = YES;
				CLANG_WARN_BOOL_CONVERSION = YES;
				CLANG_WARN_COMMA = YES;
				CLANG_WARN_CONSTANT_CONVERSION = YES;
				CLANG_WARN_DEPRECATED_OBJC_IMPLEMENTATIONS = YES;
				CLANG_WARN_DIRECT_OBJC_ISA_USAGE = YES_ERROR;
				CLANG_WARN_DOCUMENTATION_COMMENTS = YES;
				CLANG_WARN_EMPTY_BODY = YES;
				CLANG_WARN_ENUM_CONVERSION = YES;
				CLANG_WARN_INFINITE_RECURSION = YES;
				CLANG_WARN_INT_CONVERSION = YES;
				CLANG_WARN_NON_LITERAL_NULL_CONVERSION = YES;
				CLANG_WARN_OBJC_IMPLICIT_RETAIN_SELF = YES;
				CLANG_WARN_OBJC_LITERAL_CONVERSION = YES;
				CLANG_WARN_OBJC_ROOT_CLASS = YES_ERROR;
				CLANG_WARN_QUOTED_INCLUDE_IN_FRAMEWORK_HEADER = YES;
				CLANG_WARN_RANGE_LOOP_ANALYSIS = YES;
				CLANG_WARN_STRICT_PROTOTYPES = YES;
				CLANG_WARN_SUSPICIOUS_MOVE = YES;
				CLANG_WARN_UNGUARDED_AVAILABILITY = YES_AGGRESSIVE;
				CLANG_WARN_UNREACHABLE_CODE = YES;
				CLANG_WARN__DUPLICATE_METHOD_MATCH = YES;
				COPY_PHASE_STRIP = NO;
				DEBUG_INFORMATION_FORMAT = "dwarf-with-dsym";
				DEVELOPMENT_TEAM = GJV9T7SMZ2;
				ENABLE_NS_ASSERTIONS = NO;
				ENABLE_STRICT_OBJC_MSGSEND = YES;
				ENABLE_USER_SCRIPT_SANDBOXING = YES;
				GCC_C_LANGUAGE_STANDARD = gnu17;
				GCC_NO_COMMON_BLOCKS = YES;
				GCC_WARN_64_TO_32_BIT_CONVERSION = YES;
				GCC_WARN_ABOUT_RETURN_TYPE = YES_ERROR;
				GCC_WARN_UNDECLARED_SELECTOR = YES;
				GCC_WARN_UNINITIALIZED_AUTOS = YES_AGGRESSIVE;
				GCC_WARN_UNUSED_FUNCTION = YES;
				GCC_WARN_UNUSED_VARIABLE = YES;
				IPHONEOS_DEPLOYMENT_TARGET = 26.1;
				LOCALIZATION_PREFERS_STRING_CATALOGS = YES;
				MTL_ENABLE_DEBUG_INFO = NO;
				MTL_FAST_MATH = YES;
				SDKROOT = iphoneos;
				SWIFT_COMPILATION_MODE = wholemodule;
				VALIDATE_PRODUCT = YES;
			};
			name = Release;
		};
		49C63E482F1C39EC00018F40 /* Debug */ = {
			isa = XCBuildConfiguration;
			buildSettings = {
				ASSETCATALOG_COMPILER_APPICON_NAME = AppIcon;
				ASSETCATALOG_COMPILER_GLOBAL_ACCENT_COLOR_NAME = AccentColor;
				CODE_SIGN_STYLE = Automatic;
				CURRENT_PROJECT_VERSION = 1;
				DEVELOPMENT_TEAM = GJV9T7SMZ2;
				ENABLE_PREVIEWS = YES;
				GENERATE_INFOPLIST_FILE = YES;
				INFOPLIST_FILE = EdgeAlertReceiver/Info.plist;
				INFOPLIST_KEY_NSBluetoothAlwaysUsageDescription = "This app connects to Garmin devices to receive alerts.";
				INFOPLIST_KEY_NSBluetoothPeripheralUsageDescription = "This app uses Bluetooth to communicate with Garmin devices.";
				INFOPLIST_KEY_NSBluetoothWhileInUseUsageDescription = "uses it here";
				INFOPLIST_KEY_UIApplicationSceneManifest_Generation = YES;
				INFOPLIST_KEY_UIApplicationSupportsIndirectInputEvents = YES;
				INFOPLIST_KEY_UILaunchScreen_Generation = YES;
				INFOPLIST_KEY_UISupportedInterfaceOrientations_iPad = "UIInterfaceOrientationPortrait UIInterfaceOrientationPortraitUpsideDown UIInterfaceOrientationLandscapeLeft UIInterfaceOrientationLandscapeRight";
				INFOPLIST_KEY_UISupportedInterfaceOrientations_iPhone = "UIInterfaceOrientationPortrait UIInterfaceOrientationLandscapeLeft UIInterfaceOrientationLandscapeRight";
				LD_RUNPATH_SEARCH_PATHS = (
					"$(inherited)",
					"@executable_path/Frameworks",
				);
				MARKETING_VERSION = 1.0;
				OTHER_LDFLAGS = (
					"$(inherited)",
					"-ObjC",
				);
				PRODUCT_BUNDLE_IDENTIFIER = com.test.EdgeAlertReceiver;
				PRODUCT_NAME = "$(TARGET_NAME)";
				STRING_CATALOG_GENERATE_SYMBOLS = YES;
				SWIFT_APPROACHABLE_CONCURRENCY = YES;
				SWIFT_DEFAULT_ACTOR_ISOLATION = MainActor;
				SWIFT_EMIT_LOC_STRINGS = YES;
				SWIFT_UPCOMING_FEATURE_MEMBER_IMPORT_VISIBILITY = YES;
				SWIFT_VERSION = 5.0;
				TARGETED_DEVICE_FAMILY = "1,2";
			};
			name = Debug;
		};
		49C63E492F1C39EC00018F40 /* Release */ = {
			isa = XCBuildConfiguration;
			buildSettings = {
				ASSETCATALOG_COMPILER_APPICON_NAME = AppIcon;
				ASSETCATALOG_COMPILER_GLOBAL_ACCENT_COLOR_NAME = AccentColor;
				CODE_SIGN_STYLE = Automatic;
				CURRENT_PROJECT_VERSION = 1;
				DEVELOPMENT_TEAM = GJV9T7SMZ2;
				ENABLE_PREVIEWS = YES;
				GENERATE_INFOPLIST_FILE = YES;
				INFOPLIST_FILE = EdgeAlertReceiver/Info.plist;
				INFOPLIST_KEY_NSBluetoothAlwaysUsageDescription = "This app connects to Garmin devices to receive alerts.";
				INFOPLIST_KEY_NSBluetoothPeripheralUsageDescription = "This app uses Bluetooth to communicate with Garmin devices.";
				INFOPLIST_KEY_NSBluetoothWhileInUseUsageDescription = "uses it here";
				INFOPLIST_KEY_UIApplicationSceneManifest_Generation = YES;
				INFOPLIST_KEY_UIApplicationSupportsIndirectInputEvents = YES;
				INFOPLIST_KEY_UILaunchScreen_Generation = YES;
				INFOPLIST_KEY_UISupportedInterfaceOrientations_iPad = "UIInterfaceOrientationPortrait UIInterfaceOrientationPortraitUpsideDown UIInterfaceOrientationLandscapeLeft UIInterfaceOrientationLandscapeRight";
				INFOPLIST_KEY_UISupportedInterfaceOrientations_iPhone = "UIInterfaceOrientationPortrait UIInterfaceOrientationLandscapeLeft UIInterfaceOrientationLandscapeRight";
				LD_RUNPATH_SEARCH_PATHS = (
					"$(inherited)",
					"@executable_path/Frameworks",
				);
				MARKETING_VERSION = 1.0;
				OTHER_LDFLAGS = (
					"$(inherited)",
					"-ObjC",
				);
				PRODUCT_BUNDLE_IDENTIFIER = com.test.EdgeAlertReceiver;
				PRODUCT_NAME = "$(TARGET_NAME)";
				STRING_CATALOG_GENERATE_SYMBOLS = YES;
				SWIFT_APPROACHABLE_CONCURRENCY = YES;
				SWIFT_DEFAULT_ACTOR_ISOLATION = MainActor;
				SWIFT_EMIT_LOC_STRINGS = YES;
				SWIFT_UPCOMING_FEATURE_MEMBER_IMPORT_VISIBILITY = YES;
				SWIFT_VERSION = 5.0;
				TARGETED_DEVICE_FAMILY = "1,2";
			};
			name = Release;
		};
		49C63E4B2F1C39EC00018F40 /* Debug */ = {
			isa = XCBuildConfiguration;
			buildSettings = {
				BUNDLE_LOADER = "$(TEST_HOST)";
				CODE_SIGN_STYLE = Automatic;
				CURRENT_PROJECT_VERSION = 1;
				DEVELOPMENT_TEAM = GJV9T7SMZ2;
				GENERATE_INFOPLIST_FILE = YES;
				IPHONEOS_DEPLOYMENT_TARGET = 26.1;
				MARKETING_VERSION = 1.0;
				PRODUCT_BUNDLE_IDENTIFIER = com.test.EdgeAlertReceiverTests;
				PRODUCT_NAME = "$(TARGET_NAME)";
				STRING_CATALOG_GENERATE_SYMBOLS = NO;
				SWIFT_APPROACHABLE_CONCURRENCY = YES;
				SWIFT_EMIT_LOC_STRINGS = NO;
				SWIFT_UPCOMING_FEATURE_MEMBER_IMPORT_VISIBILITY = YES;
				SWIFT_VERSION = 5.0;
				TARGETED_DEVICE_FAMILY = "1,2";
				TEST_HOST = "$(BUILT_PRODUCTS_DIR)/EdgeAlertReceiver.app/$(BUNDLE_EXECUTABLE_FOLDER_PATH)/EdgeAlertReceiver";
			};
			name = Debug;
		};
		49C63E4C2F1C39EC00018F40 /* Release */ = {
			isa = XCBuildConfiguration;
			buildSettings = {
				BUNDLE_LOADER = "$(TEST_HOST)";
				CODE_SIGN_STYLE = Automatic;
				CURRENT_PROJECT_VERSION = 1;
				DEVELOPMENT_TEAM = GJV9T7SMZ2;
				GENERATE_INFOPLIST_FILE = YES;
				IPHONEOS_DEPLOYMENT_TARGET = 26.1;
				MARKETING_VERSION = 1.0;
				PRODUCT_BUNDLE_IDENTIFIER = com.test.EdgeAlertReceiverTests;
				PRODUCT_NAME = "$(TARGET_NAME)";
				STRING_CATALOG_GENERATE_SYMBOLS = NO;
				SWIFT_APPROACHABLE_CONCURRENCY = YES;
				SWIFT_EMIT_LOC_STRINGS = NO;
				SWIFT_UPCOMING_FEATURE_MEMBER_IMPORT_VISIBILITY = YES;
				SWIFT_VERSION = 5.0;
				TARGETED_DEVICE_FAMILY = "1,2";
				TEST_HOST = "$(BUILT_PRODUCTS_DIR)/EdgeAlertReceiver.app/$(BUNDLE_EXECUTABLE_FOLDER_PATH)/EdgeAlertReceiver";
			};
			name = Release;
		};
		49C63E4E2F1C39EC00018F40 /* Debug */ = {
			isa = XCBuildConfiguration;
			buildSettings = {
				CODE_SIGN_STYLE = Automatic;
				CURRENT_PROJECT_VERSION = 1;
				DEVELOPMENT_TEAM = GJV9T7SMZ2;
				GENERATE_INFOPLIST_FILE = YES;
				MARKETING_VERSION = 1.0;
				PRODUCT_BUNDLE_IDENTIFIER = com.test.EdgeAlertReceiverUITests;
				PRODUCT_NAME = "$(TARGET_NAME)";
				STRING_CATALOG_GENERATE_SYMBOLS = NO;
				SWIFT_APPROACHABLE_CONCURRENCY = YES;
				SWIFT_EMIT_LOC_STRINGS = NO;
				SWIFT_UPCOMING_FEATURE_MEMBER_IMPORT_VISIBILITY = YES;
				SWIFT_VERSION = 5.0;
				TARGETED_DEVICE_FAMILY = "1,2";
				TEST_TARGET_NAME = EdgeAlertReceiver;
			};
			name = Debug;
		};
		49C63E4F2F1C39EC00018F40 /* Release */ = {
			isa = XCBuildConfiguration;
			buildSettings = {
				CODE_SIGN_STYLE = Automatic;
				CURRENT_PROJECT_VERSION = 1;
				DEVELOPMENT_TEAM = GJV9T7SMZ2;
				GENERATE_INFOPLIST_FILE = YES;
				MARKETING_VERSION = 1.0;
				PRODUCT_BUNDLE_IDENTIFIER = com.test.EdgeAlertReceiverUITests;
				PRODUCT_NAME = "$(TARGET_NAME)";
				STRING_CATALOG_GENERATE_SYMBOLS = NO;
				SWIFT_APPROACHABLE_CONCURRENCY = YES;
				SWIFT_EMIT_LOC_STRINGS = NO;
				SWIFT_UPCOMING_FEATURE_MEMBER_IMPORT_VISIBILITY = YES;
				SWIFT_VERSION = 5.0;
				TARGETED_DEVICE_FAMILY = "1,2";
				TEST_TARGET_NAME = EdgeAlertReceiver;
			};
			name = Release;
		};
/* End XCBuildConfiguration section */

/* Begin XCConfigurationList section */
		49C63E212F1C39EB00018F40 /* Build configuration list for PBXProject "EdgeAlertReceiver" */ = {
			isa = XCConfigurationList;
			buildConfigurations = (
				49C63E452F1C39EC00018F40 /* Debug */,
				49C63E462F1C39EC00018F40 /* Release */,
			);
			defaultConfigurationIsVisible = 0;
			defaultConfigurationName = Release;
		};
		49C63E472F1C39EC00018F40 /* Build configuration list for PBXNativeTarget "EdgeAlertReceiver" */ = {
			isa = XCConfigurationList;
			buildConfigurations = (
				49C63E482F1C39EC00018F40 /* Debug */,
				49C63E492F1C39EC00018F40 /* Release */,
			);
			defaultConfigurationIsVisible = 0;
			defaultConfigurationName = Release;
		};
		49C63E4A2F1C39EC00018F40 /* Build configuration list for PBXNativeTarget "EdgeAlertReceiverTests" */ = {
			isa = XCConfigurationList;
			buildConfigurations = (
				49C63E4B2F1C39EC00018F40 /* Debug */,
				49C63E4C2F1C39EC00018F40 /* Release */,
			);
			defaultConfigurationIsVisible = 0;
			defaultConfigurationName = Release;
		};
		49C63E4D2F1C39EC00018F40 /* Build configuration list for PBXNativeTarget "EdgeAlertReceiverUITests" */ = {
			isa = XCConfigurationList;
			buildConfigurations = (
				49C63E4E2F1C39EC00018F40 /* Debug */,
				49C63E4F2F1C39EC00018F40 /* Release */,
			);
			defaultConfigurationIsVisible = 0;
			defaultConfigurationName = Release;
		};
/* End XCConfigurationList section */
	};
	rootObject = 49C63E1E2F1C39EB00018F40 /* Project object */;
}
